// !$*UTF8*$!
{
	archiveVersion = 1;
	classes = {
	};
	objectVersion = 46;
	objects = {

/* Begin PBXBuildFile section */
		4613F5261D493F9D006352E7 /* LoginViewController.m in Sources */ = {isa = PBXBuildFile; fileRef = 4613F5251D493F9D006352E7 /* LoginViewController.m */; };
		4683AC001D52B16C00CCB84B /* MediaFullScreenViewController.m in Sources */ = {isa = PBXBuildFile; fileRef = 4683ABFF1D52B16C00CCB84B /* MediaFullScreenViewController.m */; };
		4683AC031D591E7700CCB84B /* CircleSpinnerView.m in Sources */ = {isa = PBXBuildFile; fileRef = 4683AC021D591E7700CCB84B /* CircleSpinnerView.m */; };
		4683AC061D59396300CCB84B /* LikeButton.m in Sources */ = {isa = PBXBuildFile; fileRef = 4683AC051D59396300CCB84B /* LikeButton.m */; };
		4683AC091D5ABE1700CCB84B /* ComposeCommentView.m in Sources */ = {isa = PBXBuildFile; fileRef = 4683AC081D5ABE1700CCB84B /* ComposeCommentView.m */; };
		4683AC0C1D5D3E1F00CCB84B /* CameraToolbar.m in Sources */ = {isa = PBXBuildFile; fileRef = 4683AC0B1D5D3E1F00CCB84B /* CameraToolbar.m */; };
		4683AC0F1D5D4A7E00CCB84B /* CameraViewController.m in Sources */ = {isa = PBXBuildFile; fileRef = 4683AC0E1D5D4A7E00CCB84B /* CameraViewController.m */; };
		4683AC121D62817000CCB84B /* UIImage+ImageUtilities.m in Sources */ = {isa = PBXBuildFile; fileRef = 4683AC111D62817000CCB84B /* UIImage+ImageUtilities.m */; };
		46E39A001D3DBBF80033AF93 /* main.m in Sources */ = {isa = PBXBuildFile; fileRef = 46E399FF1D3DBBF80033AF93 /* main.m */; };
		46E39A031D3DBBF80033AF93 /* AppDelegate.m in Sources */ = {isa = PBXBuildFile; fileRef = 46E39A021D3DBBF80033AF93 /* AppDelegate.m */; };
		46E39A0B1D3DBBF80033AF93 /* Assets.xcassets in Resources */ = {isa = PBXBuildFile; fileRef = 46E39A0A1D3DBBF80033AF93 /* Assets.xcassets */; };
		46E39A0E1D3DBBF80033AF93 /* LaunchScreen.storyboard in Resources */ = {isa = PBXBuildFile; fileRef = 46E39A0C1D3DBBF80033AF93 /* LaunchScreen.storyboard */; };
		46E39A191D3DBBF80033AF93 /* BlocstagramTests.m in Sources */ = {isa = PBXBuildFile; fileRef = 46E39A181D3DBBF80033AF93 /* BlocstagramTests.m */; };
		46E39A241D3DBBF80033AF93 /* BlocstagramUITests.m in Sources */ = {isa = PBXBuildFile; fileRef = 46E39A231D3DBBF80033AF93 /* BlocstagramUITests.m */; };
		46E39A331D3DC97D0033AF93 /* ImagesTableViewController.m in Sources */ = {isa = PBXBuildFile; fileRef = 46E39A321D3DC97D0033AF93 /* ImagesTableViewController.m */; };
		46E39A3F1D3EADFD0033AF93 /* 1.jpg in Resources */ = {isa = PBXBuildFile; fileRef = 46E39A351D3EADFD0033AF93 /* 1.jpg */; };
		46E39A401D3EADFD0033AF93 /* 2.jpg in Resources */ = {isa = PBXBuildFile; fileRef = 46E39A361D3EADFD0033AF93 /* 2.jpg */; };
		46E39A411D3EADFD0033AF93 /* 3.jpg in Resources */ = {isa = PBXBuildFile; fileRef = 46E39A371D3EADFD0033AF93 /* 3.jpg */; };
		46E39A421D3EADFD0033AF93 /* 4.jpg in Resources */ = {isa = PBXBuildFile; fileRef = 46E39A381D3EADFD0033AF93 /* 4.jpg */; };
		46E39A431D3EADFD0033AF93 /* 5.jpg in Resources */ = {isa = PBXBuildFile; fileRef = 46E39A391D3EADFD0033AF93 /* 5.jpg */; };
		46E39A441D3EADFD0033AF93 /* 6.jpg in Resources */ = {isa = PBXBuildFile; fileRef = 46E39A3A1D3EADFD0033AF93 /* 6.jpg */; };
		46E39A451D3EADFD0033AF93 /* 7.jpg in Resources */ = {isa = PBXBuildFile; fileRef = 46E39A3B1D3EADFD0033AF93 /* 7.jpg */; };
		46E39A461D3EADFD0033AF93 /* 8.jpg in Resources */ = {isa = PBXBuildFile; fileRef = 46E39A3C1D3EADFD0033AF93 /* 8.jpg */; };
		46E39A471D3EADFD0033AF93 /* 9.jpg in Resources */ = {isa = PBXBuildFile; fileRef = 46E39A3D1D3EADFD0033AF93 /* 9.jpg */; };
		46E39A481D3EADFD0033AF93 /* 10.jpg in Resources */ = {isa = PBXBuildFile; fileRef = 46E39A3E1D3EADFD0033AF93 /* 10.jpg */; };
		46E39A4B1D3FF3BD0033AF93 /* User.m in Sources */ = {isa = PBXBuildFile; fileRef = 46E39A4A1D3FF3BD0033AF93 /* User.m */; };
		46E39A4E1D3FF4EF0033AF93 /* Media.m in Sources */ = {isa = PBXBuildFile; fileRef = 46E39A4D1D3FF4EF0033AF93 /* Media.m */; };
		46E39A511D3FF6F70033AF93 /* Comment.m in Sources */ = {isa = PBXBuildFile; fileRef = 46E39A501D3FF6F70033AF93 /* Comment.m */; };
		46E39A541D3FF9F00033AF93 /* DataSource.m in Sources */ = {isa = PBXBuildFile; fileRef = 46E39A531D3FF9F00033AF93 /* DataSource.m */; };
		46E39A571D404BF10033AF93 /* MediaTableViewCell.m in Sources */ = {isa = PBXBuildFile; fileRef = 46E39A561D404BF10033AF93 /* MediaTableViewCell.m */; };
		ACF16783D52C216FBBF680BF /* libPods-Blocstagram.a in Frameworks */ = {isa = PBXBuildFile; fileRef = 1C1CDCFD18E4CA002B9FCB04 /* libPods-Blocstagram.a */; };
/* End PBXBuildFile section */

/* Begin PBXContainerItemProxy section */
		46E39A151D3DBBF80033AF93 /* PBXContainerItemProxy */ = {
			isa = PBXContainerItemProxy;
			containerPortal = 46E399F31D3DBBF80033AF93 /* Project object */;
			proxyType = 1;
			remoteGlobalIDString = 46E399FA1D3DBBF80033AF93;
			remoteInfo = Blocstagram;
		};
		46E39A201D3DBBF80033AF93 /* PBXContainerItemProxy */ = {
			isa = PBXContainerItemProxy;
			containerPortal = 46E399F31D3DBBF80033AF93 /* Project object */;
			proxyType = 1;
			remoteGlobalIDString = 46E399FA1D3DBBF80033AF93;
			remoteInfo = Blocstagram;
		};
/* End PBXContainerItemProxy section */

/* Begin PBXFileReference section */
		1C1CDCFD18E4CA002B9FCB04 /* libPods-Blocstagram.a */ = {isa = PBXFileReference; explicitFileType = archive.ar; includeInIndex = 0; path = "libPods-Blocstagram.a"; sourceTree = BUILT_PRODUCTS_DIR; };
		22CFF7E856D929DD66559A9C /* Pods-Blocstagram.debug.xcconfig */ = {isa = PBXFileReference; includeInIndex = 1; lastKnownFileType = text.xcconfig; name = "Pods-Blocstagram.debug.xcconfig"; path = "Pods/Target Support Files/Pods-Blocstagram/Pods-Blocstagram.debug.xcconfig"; sourceTree = "<group>"; };
		3980A1609D1BDFD0A9039849 /* Pods-Blocstagram.release.xcconfig */ = {isa = PBXFileReference; includeInIndex = 1; lastKnownFileType = text.xcconfig; name = "Pods-Blocstagram.release.xcconfig"; path = "Pods/Target Support Files/Pods-Blocstagram/Pods-Blocstagram.release.xcconfig"; sourceTree = "<group>"; };
		4613F5241D493F9D006352E7 /* LoginViewController.h */ = {isa = PBXFileReference; fileEncoding = 4; lastKnownFileType = sourcecode.c.h; path = LoginViewController.h; sourceTree = "<group>"; };
		4613F5251D493F9D006352E7 /* LoginViewController.m */ = {isa = PBXFileReference; fileEncoding = 4; lastKnownFileType = sourcecode.c.objc; path = LoginViewController.m; sourceTree = "<group>"; };
		4683ABFE1D52B16C00CCB84B /* MediaFullScreenViewController.h */ = {isa = PBXFileReference; fileEncoding = 4; lastKnownFileType = sourcecode.c.h; path = MediaFullScreenViewController.h; sourceTree = "<group>"; };
		4683ABFF1D52B16C00CCB84B /* MediaFullScreenViewController.m */ = {isa = PBXFileReference; fileEncoding = 4; lastKnownFileType = sourcecode.c.objc; path = MediaFullScreenViewController.m; sourceTree = "<group>"; };
		4683AC011D591E7700CCB84B /* CircleSpinnerView.h */ = {isa = PBXFileReference; fileEncoding = 4; lastKnownFileType = sourcecode.c.h; path = CircleSpinnerView.h; sourceTree = "<group>"; };
		4683AC021D591E7700CCB84B /* CircleSpinnerView.m */ = {isa = PBXFileReference; fileEncoding = 4; lastKnownFileType = sourcecode.c.objc; path = CircleSpinnerView.m; sourceTree = "<group>"; };
		4683AC041D59396300CCB84B /* LikeButton.h */ = {isa = PBXFileReference; fileEncoding = 4; lastKnownFileType = sourcecode.c.h; path = LikeButton.h; sourceTree = "<group>"; };
		4683AC051D59396300CCB84B /* LikeButton.m */ = {isa = PBXFileReference; fileEncoding = 4; lastKnownFileType = sourcecode.c.objc; path = LikeButton.m; sourceTree = "<group>"; };
		4683AC071D5ABE1700CCB84B /* ComposeCommentView.h */ = {isa = PBXFileReference; fileEncoding = 4; lastKnownFileType = sourcecode.c.h; path = ComposeCommentView.h; sourceTree = "<group>"; };
		4683AC081D5ABE1700CCB84B /* ComposeCommentView.m */ = {isa = PBXFileReference; fileEncoding = 4; lastKnownFileType = sourcecode.c.objc; path = ComposeCommentView.m; sourceTree = "<group>"; };
		4683AC0A1D5D3E1F00CCB84B /* CameraToolbar.h */ = {isa = PBXFileReference; fileEncoding = 4; lastKnownFileType = sourcecode.c.h; path = CameraToolbar.h; sourceTree = "<group>"; };
		4683AC0B1D5D3E1F00CCB84B /* CameraToolbar.m */ = {isa = PBXFileReference; fileEncoding = 4; lastKnownFileType = sourcecode.c.objc; path = CameraToolbar.m; sourceTree = "<group>"; };
		4683AC0D1D5D4A7E00CCB84B /* CameraViewController.h */ = {isa = PBXFileReference; fileEncoding = 4; lastKnownFileType = sourcecode.c.h; path = CameraViewController.h; sourceTree = "<group>"; };
		4683AC0E1D5D4A7E00CCB84B /* CameraViewController.m */ = {isa = PBXFileReference; fileEncoding = 4; lastKnownFileType = sourcecode.c.objc; path = CameraViewController.m; sourceTree = "<group>"; };
		4683AC101D62817000CCB84B /* UIImage+ImageUtilities.h */ = {isa = PBXFileReference; fileEncoding = 4; lastKnownFileType = sourcecode.c.h; path = "UIImage+ImageUtilities.h"; sourceTree = "<group>"; };
		4683AC111D62817000CCB84B /* UIImage+ImageUtilities.m */ = {isa = PBXFileReference; fileEncoding = 4; lastKnownFileType = sourcecode.c.objc; path = "UIImage+ImageUtilities.m"; sourceTree = "<group>"; };
		46E399FB1D3DBBF80033AF93 /* Blocstagram.app */ = {isa = PBXFileReference; explicitFileType = wrapper.application; includeInIndex = 0; path = Blocstagram.app; sourceTree = BUILT_PRODUCTS_DIR; };
		46E399FF1D3DBBF80033AF93 /* main.m */ = {isa = PBXFileReference; lastKnownFileType = sourcecode.c.objc; path = main.m; sourceTree = "<group>"; };
		46E39A011D3DBBF80033AF93 /* AppDelegate.h */ = {isa = PBXFileReference; lastKnownFileType = sourcecode.c.h; path = AppDelegate.h; sourceTree = "<group>"; };
		46E39A021D3DBBF80033AF93 /* AppDelegate.m */ = {isa = PBXFileReference; lastKnownFileType = sourcecode.c.objc; path = AppDelegate.m; sourceTree = "<group>"; };
		46E39A0A1D3DBBF80033AF93 /* Assets.xcassets */ = {isa = PBXFileReference; lastKnownFileType = folder.assetcatalog; path = Assets.xcassets; sourceTree = "<group>"; };
		46E39A0D1D3DBBF80033AF93 /* Base */ = {isa = PBXFileReference; lastKnownFileType = file.storyboard; name = Base; path = Base.lproj/LaunchScreen.storyboard; sourceTree = "<group>"; };
		46E39A0F1D3DBBF80033AF93 /* Info.plist */ = {isa = PBXFileReference; lastKnownFileType = text.plist.xml; path = Info.plist; sourceTree = "<group>"; };
		46E39A141D3DBBF80033AF93 /* BlocstagramTests.xctest */ = {isa = PBXFileReference; explicitFileType = wrapper.cfbundle; includeInIndex = 0; path = BlocstagramTests.xctest; sourceTree = BUILT_PRODUCTS_DIR; };
		46E39A181D3DBBF80033AF93 /* BlocstagramTests.m */ = {isa = PBXFileReference; lastKnownFileType = sourcecode.c.objc; path = BlocstagramTests.m; sourceTree = "<group>"; };
		46E39A1A1D3DBBF80033AF93 /* Info.plist */ = {isa = PBXFileReference; lastKnownFileType = text.plist.xml; path = Info.plist; sourceTree = "<group>"; };
		46E39A1F1D3DBBF80033AF93 /* BlocstagramUITests.xctest */ = {isa = PBXFileReference; explicitFileType = wrapper.cfbundle; includeInIndex = 0; path = BlocstagramUITests.xctest; sourceTree = BUILT_PRODUCTS_DIR; };
		46E39A231D3DBBF80033AF93 /* BlocstagramUITests.m */ = {isa = PBXFileReference; lastKnownFileType = sourcecode.c.objc; path = BlocstagramUITests.m; sourceTree = "<group>"; };
		46E39A251D3DBBF80033AF93 /* Info.plist */ = {isa = PBXFileReference; lastKnownFileType = text.plist.xml; path = Info.plist; sourceTree = "<group>"; };
		46E39A311D3DC97D0033AF93 /* ImagesTableViewController.h */ = {isa = PBXFileReference; fileEncoding = 4; lastKnownFileType = sourcecode.c.h; path = ImagesTableViewController.h; sourceTree = "<group>"; };
		46E39A321D3DC97D0033AF93 /* ImagesTableViewController.m */ = {isa = PBXFileReference; fileEncoding = 4; lastKnownFileType = sourcecode.c.objc; path = ImagesTableViewController.m; sourceTree = "<group>"; };
		46E39A351D3EADFD0033AF93 /* 1.jpg */ = {isa = PBXFileReference; lastKnownFileType = image.jpeg; path = 1.jpg; sourceTree = "<group>"; };
		46E39A361D3EADFD0033AF93 /* 2.jpg */ = {isa = PBXFileReference; lastKnownFileType = image.jpeg; path = 2.jpg; sourceTree = "<group>"; };
		46E39A371D3EADFD0033AF93 /* 3.jpg */ = {isa = PBXFileReference; lastKnownFileType = image.jpeg; path = 3.jpg; sourceTree = "<group>"; };
		46E39A381D3EADFD0033AF93 /* 4.jpg */ = {isa = PBXFileReference; lastKnownFileType = image.jpeg; path = 4.jpg; sourceTree = "<group>"; };
		46E39A391D3EADFD0033AF93 /* 5.jpg */ = {isa = PBXFileReference; lastKnownFileType = image.jpeg; path = 5.jpg; sourceTree = "<group>"; };
		46E39A3A1D3EADFD0033AF93 /* 6.jpg */ = {isa = PBXFileReference; lastKnownFileType = image.jpeg; path = 6.jpg; sourceTree = "<group>"; };
		46E39A3B1D3EADFD0033AF93 /* 7.jpg */ = {isa = PBXFileReference; lastKnownFileType = image.jpeg; path = 7.jpg; sourceTree = "<group>"; };
		46E39A3C1D3EADFD0033AF93 /* 8.jpg */ = {isa = PBXFileReference; lastKnownFileType = image.jpeg; path = 8.jpg; sourceTree = "<group>"; };
		46E39A3D1D3EADFD0033AF93 /* 9.jpg */ = {isa = PBXFileReference; lastKnownFileType = image.jpeg; path = 9.jpg; sourceTree = "<group>"; };
		46E39A3E1D3EADFD0033AF93 /* 10.jpg */ = {isa = PBXFileReference; lastKnownFileType = image.jpeg; path = 10.jpg; sourceTree = "<group>"; };
		46E39A491D3FF3BD0033AF93 /* User.h */ = {isa = PBXFileReference; fileEncoding = 4; lastKnownFileType = sourcecode.c.h; path = User.h; sourceTree = "<group>"; };
		46E39A4A1D3FF3BD0033AF93 /* User.m */ = {isa = PBXFileReference; fileEncoding = 4; lastKnownFileType = sourcecode.c.objc; path = User.m; sourceTree = "<group>"; };
		46E39A4C1D3FF4EF0033AF93 /* Media.h */ = {isa = PBXFileReference; fileEncoding = 4; lastKnownFileType = sourcecode.c.h; path = Media.h; sourceTree = "<group>"; };
		46E39A4D1D3FF4EF0033AF93 /* Media.m */ = {isa = PBXFileReference; fileEncoding = 4; lastKnownFileType = sourcecode.c.objc; path = Media.m; sourceTree = "<group>"; };
		46E39A4F1D3FF6F70033AF93 /* Comment.h */ = {isa = PBXFileReference; fileEncoding = 4; lastKnownFileType = sourcecode.c.h; path = Comment.h; sourceTree = "<group>"; };
		46E39A501D3FF6F70033AF93 /* Comment.m */ = {isa = PBXFileReference; fileEncoding = 4; lastKnownFileType = sourcecode.c.objc; path = Comment.m; sourceTree = "<group>"; };
		46E39A521D3FF9F00033AF93 /* DataSource.h */ = {isa = PBXFileReference; fileEncoding = 4; lastKnownFileType = sourcecode.c.h; path = DataSource.h; sourceTree = "<group>"; };
		46E39A531D3FF9F00033AF93 /* DataSource.m */ = {isa = PBXFileReference; fileEncoding = 4; lastKnownFileType = sourcecode.c.objc; path = DataSource.m; sourceTree = "<group>"; };
		46E39A551D404BF10033AF93 /* MediaTableViewCell.h */ = {isa = PBXFileReference; fileEncoding = 4; lastKnownFileType = sourcecode.c.h; path = MediaTableViewCell.h; sourceTree = "<group>"; };
		46E39A561D404BF10033AF93 /* MediaTableViewCell.m */ = {isa = PBXFileReference; fileEncoding = 4; lastKnownFileType = sourcecode.c.objc; path = MediaTableViewCell.m; sourceTree = "<group>"; };
/* End PBXFileReference section */

/* Begin PBXFrameworksBuildPhase section */
		46E399F81D3DBBF80033AF93 /* Frameworks */ = {
			isa = PBXFrameworksBuildPhase;
			buildActionMask = 2147483647;
			files = (
				ACF16783D52C216FBBF680BF /* libPods-Blocstagram.a in Frameworks */,
			);
			runOnlyForDeploymentPostprocessing = 0;
		};
		46E39A111D3DBBF80033AF93 /* Frameworks */ = {
			isa = PBXFrameworksBuildPhase;
			buildActionMask = 2147483647;
			files = (
			);
			runOnlyForDeploymentPostprocessing = 0;
		};
		46E39A1C1D3DBBF80033AF93 /* Frameworks */ = {
			isa = PBXFrameworksBuildPhase;
			buildActionMask = 2147483647;
			files = (
			);
			runOnlyForDeploymentPostprocessing = 0;
		};
/* End PBXFrameworksBuildPhase section */

/* Begin PBXGroup section */
		250B4161D46FD328FF284438 /* Pods */ = {
			isa = PBXGroup;
			children = (
				22CFF7E856D929DD66559A9C /* Pods-Blocstagram.debug.xcconfig */,
				3980A1609D1BDFD0A9039849 /* Pods-Blocstagram.release.xcconfig */,
			);
			name = Pods;
			sourceTree = "<group>";
		};
		46E399F21D3DBBF80033AF93 = {
			isa = PBXGroup;
			children = (
				46E399FD1D3DBBF80033AF93 /* Blocstagram */,
				46E39A171D3DBBF80033AF93 /* BlocstagramTests */,
				46E39A221D3DBBF80033AF93 /* BlocstagramUITests */,
				46E399FC1D3DBBF80033AF93 /* Products */,
				250B4161D46FD328FF284438 /* Pods */,
				A7A9FF694B924B8FDB4D287A /* Frameworks */,
			);
			sourceTree = "<group>";
		};
		46E399FC1D3DBBF80033AF93 /* Products */ = {
			isa = PBXGroup;
			children = (
				46E399FB1D3DBBF80033AF93 /* Blocstagram.app */,
				46E39A141D3DBBF80033AF93 /* BlocstagramTests.xctest */,
				46E39A1F1D3DBBF80033AF93 /* BlocstagramUITests.xctest */,
			);
			name = Products;
			sourceTree = "<group>";
		};
		46E399FD1D3DBBF80033AF93 /* Blocstagram */ = {
			isa = PBXGroup;
			children = (
				46E39A341D3EADE80033AF93 /* images */,
				46E39A011D3DBBF80033AF93 /* AppDelegate.h */,
				46E39A021D3DBBF80033AF93 /* AppDelegate.m */,
				46E39A521D3FF9F00033AF93 /* DataSource.h */,
				46E39A531D3FF9F00033AF93 /* DataSource.m */,
				4613F5241D493F9D006352E7 /* LoginViewController.h */,
				4613F5251D493F9D006352E7 /* LoginViewController.m */,
				46E39A311D3DC97D0033AF93 /* ImagesTableViewController.h */,
				46E39A321D3DC97D0033AF93 /* ImagesTableViewController.m */,
				46E39A551D404BF10033AF93 /* MediaTableViewCell.h */,
				46E39A561D404BF10033AF93 /* MediaTableViewCell.m */,
				4683ABFE1D52B16C00CCB84B /* MediaFullScreenViewController.h */,
				4683ABFF1D52B16C00CCB84B /* MediaFullScreenViewController.m */,
				4683AC011D591E7700CCB84B /* CircleSpinnerView.h */,
				4683AC021D591E7700CCB84B /* CircleSpinnerView.m */,
				4683AC041D59396300CCB84B /* LikeButton.h */,
				4683AC051D59396300CCB84B /* LikeButton.m */,
				4683AC071D5ABE1700CCB84B /* ComposeCommentView.h */,
				4683AC081D5ABE1700CCB84B /* ComposeCommentView.m */,
				4683AC0A1D5D3E1F00CCB84B /* CameraToolbar.h */,
				4683AC0B1D5D3E1F00CCB84B /* CameraToolbar.m */,
				4683AC0D1D5D4A7E00CCB84B /* CameraViewController.h */,
				4683AC0E1D5D4A7E00CCB84B /* CameraViewController.m */,
				4683AC101D62817000CCB84B /* UIImage+ImageUtilities.h */,
				4683AC111D62817000CCB84B /* UIImage+ImageUtilities.m */,
				46E39A4F1D3FF6F70033AF93 /* Comment.h */,
				46E39A501D3FF6F70033AF93 /* Comment.m */,
				46E39A4C1D3FF4EF0033AF93 /* Media.h */,
				46E39A4D1D3FF4EF0033AF93 /* Media.m */,
				46E39A491D3FF3BD0033AF93 /* User.h */,
				46E39A4A1D3FF3BD0033AF93 /* User.m */,
				46E39A0A1D3DBBF80033AF93 /* Assets.xcassets */,
				46E39A0C1D3DBBF80033AF93 /* LaunchScreen.storyboard */,
				46E39A0F1D3DBBF80033AF93 /* Info.plist */,
				46E399FE1D3DBBF80033AF93 /* Supporting Files */,
			);
			path = Blocstagram;
			sourceTree = "<group>";
		};
		46E399FE1D3DBBF80033AF93 /* Supporting Files */ = {
			isa = PBXGroup;
			children = (
				46E399FF1D3DBBF80033AF93 /* main.m */,
			);
			name = "Supporting Files";
			sourceTree = "<group>";
		};
		46E39A171D3DBBF80033AF93 /* BlocstagramTests */ = {
			isa = PBXGroup;
			children = (
				46E39A181D3DBBF80033AF93 /* BlocstagramTests.m */,
				46E39A1A1D3DBBF80033AF93 /* Info.plist */,
			);
			path = BlocstagramTests;
			sourceTree = "<group>";
		};
		46E39A221D3DBBF80033AF93 /* BlocstagramUITests */ = {
			isa = PBXGroup;
			children = (
				46E39A231D3DBBF80033AF93 /* BlocstagramUITests.m */,
				46E39A251D3DBBF80033AF93 /* Info.plist */,
			);
			path = BlocstagramUITests;
			sourceTree = "<group>";
		};
		46E39A341D3EADE80033AF93 /* images */ = {
			isa = PBXGroup;
			children = (
				46E39A351D3EADFD0033AF93 /* 1.jpg */,
				46E39A361D3EADFD0033AF93 /* 2.jpg */,
				46E39A371D3EADFD0033AF93 /* 3.jpg */,
				46E39A381D3EADFD0033AF93 /* 4.jpg */,
				46E39A391D3EADFD0033AF93 /* 5.jpg */,
				46E39A3A1D3EADFD0033AF93 /* 6.jpg */,
				46E39A3B1D3EADFD0033AF93 /* 7.jpg */,
				46E39A3C1D3EADFD0033AF93 /* 8.jpg */,
				46E39A3D1D3EADFD0033AF93 /* 9.jpg */,
				46E39A3E1D3EADFD0033AF93 /* 10.jpg */,
			);
			name = images;
			sourceTree = "<group>";
		};
		A7A9FF694B924B8FDB4D287A /* Frameworks */ = {
			isa = PBXGroup;
			children = (
				1C1CDCFD18E4CA002B9FCB04 /* libPods-Blocstagram.a */,
			);
			name = Frameworks;
			sourceTree = "<group>";
		};
/* End PBXGroup section */

/* Begin PBXNativeTarget section */
		46E399FA1D3DBBF80033AF93 /* Blocstagram */ = {
			isa = PBXNativeTarget;
			buildConfigurationList = 46E39A281D3DBBF80033AF93 /* Build configuration list for PBXNativeTarget "Blocstagram" */;
			buildPhases = (
				DC9A1F068099A9087048210D /* [CP] Check Pods Manifest.lock */,
				46E399F71D3DBBF80033AF93 /* Sources */,
				46E399F81D3DBBF80033AF93 /* Frameworks */,
				46E399F91D3DBBF80033AF93 /* Resources */,
				95666B19B41BAF81B9322E0E /* [CP] Embed Pods Frameworks */,
				711F946D57EF82E97CED6839 /* [CP] Copy Pods Resources */,
			);
			buildRules = (
			);
			dependencies = (
			);
			name = Blocstagram;
			productName = Blocstagram;
			productReference = 46E399FB1D3DBBF80033AF93 /* Blocstagram.app */;
			productType = "com.apple.product-type.application";
		};
		46E39A131D3DBBF80033AF93 /* BlocstagramTests */ = {
			isa = PBXNativeTarget;
			buildConfigurationList = 46E39A2B1D3DBBF80033AF93 /* Build configuration list for PBXNativeTarget "BlocstagramTests" */;
			buildPhases = (
				46E39A101D3DBBF80033AF93 /* Sources */,
				46E39A111D3DBBF80033AF93 /* Frameworks */,
				46E39A121D3DBBF80033AF93 /* Resources */,
			);
			buildRules = (
			);
			dependencies = (
				46E39A161D3DBBF80033AF93 /* PBXTargetDependency */,
			);
			name = BlocstagramTests;
			productName = BlocstagramTests;
			productReference = 46E39A141D3DBBF80033AF93 /* BlocstagramTests.xctest */;
			productType = "com.apple.product-type.bundle.unit-test";
		};
		46E39A1E1D3DBBF80033AF93 /* BlocstagramUITests */ = {
			isa = PBXNativeTarget;
			buildConfigurationList = 46E39A2E1D3DBBF80033AF93 /* Build configuration list for PBXNativeTarget "BlocstagramUITests" */;
			buildPhases = (
				46E39A1B1D3DBBF80033AF93 /* Sources */,
				46E39A1C1D3DBBF80033AF93 /* Frameworks */,
				46E39A1D1D3DBBF80033AF93 /* Resources */,
			);
			buildRules = (
			);
			dependencies = (
				46E39A211D3DBBF80033AF93 /* PBXTargetDependency */,
			);
			name = BlocstagramUITests;
			productName = BlocstagramUITests;
			productReference = 46E39A1F1D3DBBF80033AF93 /* BlocstagramUITests.xctest */;
			productType = "com.apple.product-type.bundle.ui-testing";
		};
/* End PBXNativeTarget section */

/* Begin PBXProject section */
		46E399F31D3DBBF80033AF93 /* Project object */ = {
			isa = PBXProject;
			attributes = {
				LastUpgradeCheck = 0730;
				ORGANIZATIONNAME = "Kenneth Chou";
				TargetAttributes = {
					46E399FA1D3DBBF80033AF93 = {
						CreatedOnToolsVersion = 7.3.1;
					};
					46E39A131D3DBBF80033AF93 = {
						CreatedOnToolsVersion = 7.3.1;
						TestTargetID = 46E399FA1D3DBBF80033AF93;
					};
					46E39A1E1D3DBBF80033AF93 = {
						CreatedOnToolsVersion = 7.3.1;
						TestTargetID = 46E399FA1D3DBBF80033AF93;
					};
				};
			};
			buildConfigurationList = 46E399F61D3DBBF80033AF93 /* Build configuration list for PBXProject "Blocstagram" */;
			compatibilityVersion = "Xcode 3.2";
			developmentRegion = English;
			hasScannedForEncodings = 0;
			knownRegions = (
				en,
				Base,
			);
			mainGroup = 46E399F21D3DBBF80033AF93;
			productRefGroup = 46E399FC1D3DBBF80033AF93 /* Products */;
			projectDirPath = "";
			projectRoot = "";
			targets = (
				46E399FA1D3DBBF80033AF93 /* Blocstagram */,
				46E39A131D3DBBF80033AF93 /* BlocstagramTests */,
				46E39A1E1D3DBBF80033AF93 /* BlocstagramUITests */,
			);
		};
/* End PBXProject section */

/* Begin PBXResourcesBuildPhase section */
		46E399F91D3DBBF80033AF93 /* Resources */ = {
			isa = PBXResourcesBuildPhase;
			buildActionMask = 2147483647;
			files = (
				46E39A471D3EADFD0033AF93 /* 9.jpg in Resources */,
				46E39A461D3EADFD0033AF93 /* 8.jpg in Resources */,
				46E39A421D3EADFD0033AF93 /* 4.jpg in Resources */,
				46E39A411D3EADFD0033AF93 /* 3.jpg in Resources */,
				46E39A441D3EADFD0033AF93 /* 6.jpg in Resources */,
				46E39A3F1D3EADFD0033AF93 /* 1.jpg in Resources */,
				46E39A0E1D3DBBF80033AF93 /* LaunchScreen.storyboard in Resources */,
				46E39A431D3EADFD0033AF93 /* 5.jpg in Resources */,
				46E39A451D3EADFD0033AF93 /* 7.jpg in Resources */,
				46E39A401D3EADFD0033AF93 /* 2.jpg in Resources */,
				46E39A481D3EADFD0033AF93 /* 10.jpg in Resources */,
				46E39A0B1D3DBBF80033AF93 /* Assets.xcassets in Resources */,
			);
			runOnlyForDeploymentPostprocessing = 0;
		};
		46E39A121D3DBBF80033AF93 /* Resources */ = {
			isa = PBXResourcesBuildPhase;
			buildActionMask = 2147483647;
			files = (
			);
			runOnlyForDeploymentPostprocessing = 0;
		};
		46E39A1D1D3DBBF80033AF93 /* Resources */ = {
			isa = PBXResourcesBuildPhase;
			buildActionMask = 2147483647;
			files = (
			);
			runOnlyForDeploymentPostprocessing = 0;
		};
/* End PBXResourcesBuildPhase section */

/* Begin PBXShellScriptBuildPhase section */
		711F946D57EF82E97CED6839 /* [CP] Copy Pods Resources */ = {
			isa = PBXShellScriptBuildPhase;
			buildActionMask = 2147483647;
			files = (
			);
			inputPaths = (
			);
			name = "[CP] Copy Pods Resources";
			outputPaths = (
			);
			runOnlyForDeploymentPostprocessing = 0;
			shellPath = /bin/sh;
			shellScript = "\"${SRCROOT}/Pods/Target Support Files/Pods-Blocstagram/Pods-Blocstagram-resources.sh\"\n";
			showEnvVarsInLog = 0;
		};
		95666B19B41BAF81B9322E0E /* [CP] Embed Pods Frameworks */ = {
			isa = PBXShellScriptBuildPhase;
			buildActionMask = 2147483647;
			files = (
			);
			inputPaths = (
			);
			name = "[CP] Embed Pods Frameworks";
			outputPaths = (
			);
			runOnlyForDeploymentPostprocessing = 0;
			shellPath = /bin/sh;
			shellScript = "\"${SRCROOT}/Pods/Target Support Files/Pods-Blocstagram/Pods-Blocstagram-frameworks.sh\"\n";
			showEnvVarsInLog = 0;
		};
		DC9A1F068099A9087048210D /* [CP] Check Pods Manifest.lock */ = {
			isa = PBXShellScriptBuildPhase;
			buildActionMask = 2147483647;
			files = (
			);
			inputPaths = (
			);
			name = "[CP] Check Pods Manifest.lock";
			outputPaths = (
			);
			runOnlyForDeploymentPostprocessing = 0;
			shellPath = /bin/sh;
			shellScript = "diff \"${PODS_ROOT}/../Podfile.lock\" \"${PODS_ROOT}/Manifest.lock\" > /dev/null\nif [[ $? != 0 ]] ; then\n    cat << EOM\nerror: The sandbox is not in sync with the Podfile.lock. Run 'pod install' or update your CocoaPods installation.\nEOM\n    exit 1\nfi\n";
			showEnvVarsInLog = 0;
		};
/* End PBXShellScriptBuildPhase section */

/* Begin PBXSourcesBuildPhase section */
		46E399F71D3DBBF80033AF93 /* Sources */ = {
			isa = PBXSourcesBuildPhase;
			buildActionMask = 2147483647;
			files = (
				4683AC0F1D5D4A7E00CCB84B /* CameraViewController.m in Sources */,
				4683AC001D52B16C00CCB84B /* MediaFullScreenViewController.m in Sources */,
				4683AC031D591E7700CCB84B /* CircleSpinnerView.m in Sources */,
				46E39A4B1D3FF3BD0033AF93 /* User.m in Sources */,
				46E39A511D3FF6F70033AF93 /* Comment.m in Sources */,
				46E39A571D404BF10033AF93 /* MediaTableViewCell.m in Sources */,
				46E39A4E1D3FF4EF0033AF93 /* Media.m in Sources */,
				4683AC0C1D5D3E1F00CCB84B /* CameraToolbar.m in Sources */,
				46E39A031D3DBBF80033AF93 /* AppDelegate.m in Sources */,
				4613F5261D493F9D006352E7 /* LoginViewController.m in Sources */,
				4683AC061D59396300CCB84B /* LikeButton.m in Sources */,
				46E39A541D3FF9F00033AF93 /* DataSource.m in Sources */,
				4683AC091D5ABE1700CCB84B /* ComposeCommentView.m in Sources */,
				46E39A001D3DBBF80033AF93 /* main.m in Sources */,
				4683AC121D62817000CCB84B /* UIImage+ImageUtilities.m in Sources */,
				46E39A331D3DC97D0033AF93 /* ImagesTableViewController.m in Sources */,
			);
			runOnlyForDeploymentPostprocessing = 0;
		};
		46E39A101D3DBBF80033AF93 /* Sources */ = {
			isa = PBXSourcesBuildPhase;
			buildActionMask = 2147483647;
			files = (
				46E39A191D3DBBF80033AF93 /* BlocstagramTests.m in Sources */,
			);
			runOnlyForDeploymentPostprocessing = 0;
		};
		46E39A1B1D3DBBF80033AF93 /* Sources */ = {
			isa = PBXSourcesBuildPhase;
			buildActionMask = 2147483647;
			files = (
				46E39A241D3DBBF80033AF93 /* BlocstagramUITests.m in Sources */,
			);
			runOnlyForDeploymentPostprocessing = 0;
		};
/* End PBXSourcesBuildPhase section */

/* Begin PBXTargetDependency section */
		46E39A161D3DBBF80033AF93 /* PBXTargetDependency */ = {
			isa = PBXTargetDependency;
			target = 46E399FA1D3DBBF80033AF93 /* Blocstagram */;
			targetProxy = 46E39A151D3DBBF80033AF93 /* PBXContainerItemProxy */;
		};
		46E39A211D3DBBF80033AF93 /* PBXTargetDependency */ = {
			isa = PBXTargetDependency;
			target = 46E399FA1D3DBBF80033AF93 /* Blocstagram */;
			targetProxy = 46E39A201D3DBBF80033AF93 /* PBXContainerItemProxy */;
		};
/* End PBXTargetDependency section */

/* Begin PBXVariantGroup section */
		46E39A0C1D3DBBF80033AF93 /* LaunchScreen.storyboard */ = {
			isa = PBXVariantGroup;
			children = (
				46E39A0D1D3DBBF80033AF93 /* Base */,
			);
			name = LaunchScreen.storyboard;
			sourceTree = "<group>";
		};
/* End PBXVariantGroup section */

/* Begin XCBuildConfiguration section */
		46E39A261D3DBBF80033AF93 /* Debug */ = {
			isa = XCBuildConfiguration;
			buildSettings = {
				ALWAYS_SEARCH_USER_PATHS = NO;
				CLANG_ANALYZER_NONNULL = YES;
				CLANG_CXX_LANGUAGE_STANDARD = "gnu++0x";
				CLANG_CXX_LIBRARY = "libc++";
				CLANG_ENABLE_MODULES = YES;
				CLANG_ENABLE_OBJC_ARC = YES;
				CLANG_WARN_BOOL_CONVERSION = YES;
				CLANG_WARN_CONSTANT_CONVERSION = YES;
				CLANG_WARN_DIRECT_OBJC_ISA_USAGE = YES_ERROR;
				CLANG_WARN_EMPTY_BODY = YES;
				CLANG_WARN_ENUM_CONVERSION = YES;
				CLANG_WARN_INT_CONVERSION = YES;
				CLANG_WARN_OBJC_ROOT_CLASS = YES_ERROR;
				CLANG_WARN_UNREACHABLE_CODE = YES;
				CLANG_WARN__DUPLICATE_METHOD_MATCH = YES;
				"CODE_SIGN_IDENTITY[sdk=iphoneos*]" = "iPhone Developer";
				COPY_PHASE_STRIP = NO;
				DEBUG_INFORMATION_FORMAT = dwarf;
				ENABLE_STRICT_OBJC_MSGSEND = YES;
				ENABLE_TESTABILITY = YES;
				GCC_C_LANGUAGE_STANDARD = gnu99;
				GCC_DYNAMIC_NO_PIC = NO;
				GCC_NO_COMMON_BLOCKS = YES;
				GCC_OPTIMIZATION_LEVEL = 0;
				GCC_PREPROCESSOR_DEFINITIONS = (
					"DEBUG=1",
					"$(inherited)",
				);
				GCC_WARN_64_TO_32_BIT_CONVERSION = YES;
				GCC_WARN_ABOUT_RETURN_TYPE = YES_ERROR;
				GCC_WARN_UNDECLARED_SELECTOR = YES;
				GCC_WARN_UNINITIALIZED_AUTOS = YES_AGGRESSIVE;
				GCC_WARN_UNUSED_FUNCTION = YES;
				GCC_WARN_UNUSED_VARIABLE = YES;
				IPHONEOS_DEPLOYMENT_TARGET = 9.3;
				MTL_ENABLE_DEBUG_INFO = YES;
				ONLY_ACTIVE_ARCH = YES;
				SDKROOT = iphoneos;
				TARGETED_DEVICE_FAMILY = "1,2";
			};
			name = Debug;
		};
		46E39A271D3DBBF80033AF93 /* Release */ = {
			isa = XCBuildConfiguration;
			buildSettings = {
				ALWAYS_SEARCH_USER_PATHS = NO;
				CLANG_ANALYZER_NONNULL = YES;
				CLANG_CXX_LANGUAGE_STANDARD = "gnu++0x";
				CLANG_CXX_LIBRARY = "libc++";
				CLANG_ENABLE_MODULES = YES;
				CLANG_ENABLE_OBJC_ARC = YES;
				CLANG_WARN_BOOL_CONVERSION = YES;
				CLANG_WARN_CONSTANT_CONVERSION = YES;
				CLANG_WARN_DIRECT_OBJC_ISA_USAGE = YES_ERROR;
				CLANG_WARN_EMPTY_BODY = YES;
				CLANG_WARN_ENUM_CONVERSION = YES;
				CLANG_WARN_INT_CONVERSION = YES;
				CLANG_WARN_OBJC_ROOT_CLASS = YES_ERROR;
				CLANG_WARN_UNREACHABLE_CODE = YES;
				CLANG_WARN__DUPLICATE_METHOD_MATCH = YES;
				"CODE_SIGN_IDENTITY[sdk=iphoneos*]" = "iPhone Developer";
				COPY_PHASE_STRIP = NO;
				DEBUG_INFORMATION_FORMAT = "dwarf-with-dsym";
				ENABLE_NS_ASSERTIONS = NO;
				ENABLE_STRICT_OBJC_MSGSEND = YES;
				GCC_C_LANGUAGE_STANDARD = gnu99;
				GCC_NO_COMMON_BLOCKS = YES;
				GCC_WARN_64_TO_32_BIT_CONVERSION = YES;
				GCC_WARN_ABOUT_RETURN_TYPE = YES_ERROR;
				GCC_WARN_UNDECLARED_SELECTOR = YES;
				GCC_WARN_UNINITIALIZED_AUTOS = YES_AGGRESSIVE;
				GCC_WARN_UNUSED_FUNCTION = YES;
				GCC_WARN_UNUSED_VARIABLE = YES;
				IPHONEOS_DEPLOYMENT_TARGET = 9.3;
				MTL_ENABLE_DEBUG_INFO = NO;
				SDKROOT = iphoneos;
				TARGETED_DEVICE_FAMILY = "1,2";
				VALIDATE_PRODUCT = YES;
			};
			name = Release;
		};
		46E39A291D3DBBF80033AF93 /* Debug */ = {
			isa = XCBuildConfiguration;
			baseConfigurationReference = 22CFF7E856D929DD66559A9C /* Pods-Blocstagram.debug.xcconfig */;
			buildSettings = {
				ASSETCATALOG_COMPILER_APPICON_NAME = AppIcon;
				INFOPLIST_FILE = Blocstagram/Info.plist;
				LD_RUNPATH_SEARCH_PATHS = "$(inherited) @executable_path/Frameworks";
				PRODUCT_BUNDLE_IDENTIFIER = com.kennethchou83.Blocstagram;
				PRODUCT_NAME = "$(TARGET_NAME)";
			};
			name = Debug;
		};
		46E39A2A1D3DBBF80033AF93 /* Release */ = {
			isa = XCBuildConfiguration;
			baseConfigurationReference = 3980A1609D1BDFD0A9039849 /* Pods-Blocstagram.release.xcconfig */;
			buildSettings = {
				ASSETCATALOG_COMPILER_APPICON_NAME = AppIcon;
				INFOPLIST_FILE = Blocstagram/Info.plist;
				LD_RUNPATH_SEARCH_PATHS = "$(inherited) @executable_path/Frameworks";
				PRODUCT_BUNDLE_IDENTIFIER = com.kennethchou83.Blocstagram;
				PRODUCT_NAME = "$(TARGET_NAME)";
			};
			name = Release;
		};
		46E39A2C1D3DBBF80033AF93 /* Debug */ = {
			isa = XCBuildConfiguration;
			buildSettings = {
				BUNDLE_LOADER = "$(TEST_HOST)";
				INFOPLIST_FILE = BlocstagramTests/Info.plist;
				LD_RUNPATH_SEARCH_PATHS = "$(inherited) @executable_path/Frameworks @loader_path/Frameworks";
				PRODUCT_BUNDLE_IDENTIFIER = com.kennethchou83.BlocstagramTests;
				PRODUCT_NAME = "$(TARGET_NAME)";
				TEST_HOST = "$(BUILT_PRODUCTS_DIR)/Blocstagram.app/Blocstagram";
			};
			name = Debug;
		};
		46E39A2D1D3DBBF80033AF93 /* Release */ = {
			isa = XCBuildConfiguration;
			buildSettings = {
				BUNDLE_LOADER = "$(TEST_HOST)";
				INFOPLIST_FILE = BlocstagramTests/Info.plist;
				LD_RUNPATH_SEARCH_PATHS = "$(inherited) @executable_path/Frameworks @loader_path/Frameworks";
				PRODUCT_BUNDLE_IDENTIFIER = com.kennethchou83.BlocstagramTests;
				PRODUCT_NAME = "$(TARGET_NAME)";
				TEST_HOST = "$(BUILT_PRODUCTS_DIR)/Blocstagram.app/Blocstagram";
			};
			name = Release;
		};
		46E39A2F1D3DBBF80033AF93 /* Debug */ = {
			isa = XCBuildConfiguration;
			buildSettings = {
				INFOPLIST_FILE = BlocstagramUITests/Info.plist;
				LD_RUNPATH_SEARCH_PATHS = "$(inherited) @executable_path/Frameworks @loader_path/Frameworks";
				PRODUCT_BUNDLE_IDENTIFIER = com.kennethchou83.BlocstagramUITests;
				PRODUCT_NAME = "$(TARGET_NAME)";
				TEST_TARGET_NAME = Blocstagram;
			};
			name = Debug;
		};
		46E39A301D3DBBF80033AF93 /* Release */ = {
			isa = XCBuildConfiguration;
			buildSettings = {
				INFOPLIST_FILE = BlocstagramUITests/Info.plist;
				LD_RUNPATH_SEARCH_PATHS = "$(inherited) @executable_path/Frameworks @loader_path/Frameworks";
				PRODUCT_BUNDLE_IDENTIFIER = com.kennethchou83.BlocstagramUITests;
				PRODUCT_NAME = "$(TARGET_NAME)";
				TEST_TARGET_NAME = Blocstagram;
			};
			name = Release;
		};
/* End XCBuildConfiguration section */

/* Begin XCConfigurationList section */
		46E399F61D3DBBF80033AF93 /* Build configuration list for PBXProject "Blocstagram" */ = {
			isa = XCConfigurationList;
			buildConfigurations = (
				46E39A261D3DBBF80033AF93 /* Debug */,
				46E39A271D3DBBF80033AF93 /* Release */,
			);
			defaultConfigurationIsVisible = 0;
			defaultConfigurationName = Release;
		};
		46E39A281D3DBBF80033AF93 /* Build configuration list for PBXNativeTarget "Blocstagram" */ = {
			isa = XCConfigurationList;
			buildConfigurations = (
				46E39A291D3DBBF80033AF93 /* Debug */,
				46E39A2A1D3DBBF80033AF93 /* Release */,
			);
			defaultConfigurationIsVisible = 0;
			defaultConfigurationName = Release;
		};
		46E39A2B1D3DBBF80033AF93 /* Build configuration list for PBXNativeTarget "BlocstagramTests" */ = {
			isa = XCConfigurationList;
			buildConfigurations = (
				46E39A2C1D3DBBF80033AF93 /* Debug */,
				46E39A2D1D3DBBF80033AF93 /* Release */,
			);
			defaultConfigurationIsVisible = 0;
			defaultConfigurationName = Release;
		};
		46E39A2E1D3DBBF80033AF93 /* Build configuration list for PBXNativeTarget "BlocstagramUITests" */ = {
			isa = XCConfigurationList;
			buildConfigurations = (
				46E39A2F1D3DBBF80033AF93 /* Debug */,
				46E39A301D3DBBF80033AF93 /* Release */,
			);
			defaultConfigurationIsVisible = 0;
			defaultConfigurationName = Release;
		};
/* End XCConfigurationList section */
	};
	rootObject = 46E399F31D3DBBF80033AF93 /* Project object */;
}
